// !$*UTF8*$!
{
	archiveVersion = 1;
	classes = {
	};
	objectVersion = 46;
	objects = {

/* Begin PBXBuildFile section */
		77FB73481E057CC600F8FDEA /* main.m in Sources */ = {isa = PBXBuildFile; fileRef = 77FB73471E057CC600F8FDEA /* main.m */; };
/* End PBXBuildFile section */

/* Begin PBXCopyFilesBuildPhase section */
		53176E121A5B4B6C00E3F562 /* CopyFiles */ = {
			isa = PBXCopyFilesBuildPhase;
			buildActionMask = 2147483647;
			dstPath = /usr/share/man/man1/;
			dstSubfolderSpec = 0;
			files = (
			);
			runOnlyForDeploymentPostprocessing = 1;
		};
/* End PBXCopyFilesBuildPhase section */

/* Begin PBXFileReference section */
		53176E141A5B4B6C00E3F562 /* MissingRange */ = {isa = PBXFileReference; explicitFileType = "compiled.mach-o.executable"; includeInIndex = 0; path = MissingRange; sourceTree = BUILT_PRODUCTS_DIR; };
		77FB73471E057CC600F8FDEA /* main.m */ = {isa = PBXFileReference; fileEncoding = 4; lastKnownFileType = sourcecode.c.objc; name = main.m; path = MissingRange/main.m; sourceTree = SOURCE_ROOT; };
/* End PBXFileReference section */

/* Begin PBXFrameworksBuildPhase section */
		53176E111A5B4B6C00E3F562 /* Frameworks */ = {
			isa = PBXFrameworksBuildPhase;
			buildActionMask = 2147483647;
			files = (
			);
			runOnlyForDeploymentPostprocessing = 0;
		};
/* End PBXFrameworksBuildPhase section */

/* Begin PBXGroup section */
		53176E0B1A5B4B6C00E3F562 = {
			isa = PBXGroup;
			children = (
				53176E161A5B4B6C00E3F562 /* MissingRange */,
				53176E151A5B4B6C00E3F562 /* Products */,
			);
			sourceTree = "<group>";
		};
		53176E151A5B4B6C00E3F562 /* Products */ = {
			isa = PBXGroup;
			children = (
				53176E141A5B4B6C00E3F562 /* MissingRange */,
			);
			name = Products;
			sourceTree = "<group>";
		};
		53176E161A5B4B6C00E3F562 /* MissingRange */ = {
			isa = PBXGroup;
			children = (
				77FB73471E057CC600F8FDEA /* main.m */,
			);
			name = MissingRange;
			path = twosum;
			sourceTree = "<group>";
		};
/* End PBXGroup section */

/* Begin PBXNativeTarget section */
		53176E131A5B4B6C00E3F562 /* MissingRange */ = {
			isa = PBXNativeTarget;
			buildConfigurationList = 53176E1B1A5B4B6C00E3F562 /* Build configuration list for PBXNativeTarget "MissingRange" */;
			buildPhases = (
				53176E101A5B4B6C00E3F562 /* Sources */,
				53176E111A5B4B6C00E3F562 /* Frameworks */,
				53176E121A5B4B6C00E3F562 /* CopyFiles */,
			);
			buildRules = (
			);
			dependencies = (
			);
			name = MissingRange;
			productName = twosum;
			productReference = 53176E141A5B4B6C00E3F562 /* MissingRange */;
			productType = "com.apple.product-type.tool";
		};
/* End PBXNativeTarget section */

/* Begin PBXProject section */
		53176E0C1A5B4B6C00E3F562 /* Project object */ = {
			isa = PBXProject;
			attributes = {
				LastUpgradeCheck = 0610;
				ORGANIZATIONNAME = "Tianji Li";
				TargetAttributes = {
					53176E131A5B4B6C00E3F562 = {
						CreatedOnToolsVersion = 6.1.1;
					};
				};
			};
			buildConfigurationList = 53176E0F1A5B4B6C00E3F562 /* Build configuration list for PBXProject "MissingRange" */;
			compatibilityVersion = "Xcode 3.2";
			developmentRegion = English;
			hasScannedForEncodings = 0;
			knownRegions = (
				en,
			);
			mainGroup = 53176E0B1A5B4B6C00E3F562;
			productRefGroup = 53176E151A5B4B6C00E3F562 /* Products */;
			projectDirPath = "";
			projectRoot = "";
			targets = (
				53176E131A5B4B6C00E3F562 /* MissingRange */,
			);
		};
/* End PBXProject section */

/* Begin PBXSourcesBuildPhase section */
		53176E101A5B4B6C00E3F562 /* Sources */ = {
			isa = PBXSourcesBuildPhase;
			buildActionMask = 2147483647;
			files = (
				77FB73481E057CC600F8FDEA /* main.m in Sources */,
			);
			runOnlyForDeploymentPostprocessing = 0;
		};
/* End PBXSourcesBuildPhase section */

/* Begin XCBuildConfiguration section */
		53176E191A5B4B6C00E3F562 /* Debug */ = {
			isa = XCBuildConfiguration;
			buildSettings = {
				ALWAYS_SEARCH_USER_PATHS = NO;
				CLANG_CXX_LANGUAGE_STANDARD = "gnu++0x";
				CLANG_CXX_LIBRARY = "libc++";
				CLANG_ENABLE_MODULES = YES;
				CLANG_ENABLE_OBJC_ARC = YES;
				CLANG_WARN_BOOL_CONVERSION = YES;
				CLANG_WARN_CONSTANT_CONVERSION = YES;
				CLANG_WARN_DIRECT_OBJC_ISA_USAGE = YES_ERROR;
				CLANG_WARN_EMPTY_BODY = YES;
				CLANG_WARN_ENUM_CONVERSION = YES;
				CLANG_WARN_INT_CONVERSION = YES;
				CLANG_WARN_OBJC_ROOT_CLASS = YES_ERROR;
				CLANG_WARN_UNREACHABLE_CODE = YES;
				CLANG_WARN__DUPLICATE_METHOD_MATCH = YES;
				COPY_PHASE_STRIP = NO;
				ENABLE_STRICT_OBJC_MSGSEND = YES;
				GCC_C_LANGUAGE_STANDARD = gnu99;
				GCC_DYNAMIC_NO_PIC = NO;
				GCC_OPTIMIZATION_LEVEL = 0;
				GCC_PREPROCESSOR_DEFINITIONS = (
					"DEBUG=1",
					"$(inherited)",
				);
				GCC_SYMBOLS_PRIVATE_EXTERN = NO;
				GCC_WARN_64_TO_32_BIT_CONVERSION = YES;
				GCC_WARN_ABOUT_RETURN_TYPE = YES_ERROR;
				GCC_WARN_UNDECLARED_SELECTOR = YES;
				GCC_WARN_UNINITIALIZED_AUTOS = YES_AGGRESSIVE;
				GCC_WARN_UNUSED_FUNCTION = YES;
				GCC_WARN_UNUSED_VARIABLE = YES;
				MACOSX_DEPLOYMENT_TARGET = 10.10;
				MTL_ENABLE_DEBUG_INFO = YES;
				ONLY_ACTIVE_ARCH = YES;
				SDKROOT = macosx;
			};
			name = Debug;
		};
		53176E1A1A5B4B6C00E3F562 /* Release */ = {
			isa = XCBuildConfiguration;
			buildSettings = {
				ALWAYS_SEARCH_USER_PATHS = NO;
				CLANG_CXX_LANGUAGE_STANDARD = "gnu++0x";
				CLANG_CXX_LIBRARY = "libc++";
				CLANG_ENABLE_MODULES = YES;
				CLANG_ENABLE_OBJC_ARC = YES;
				CLANG_WARN_BOOL_CONVERSION = YES;
				CLANG_WARN_CONSTANT_CONVERSION = YES;
				CLANG_WARN_DIRECT_OBJC_ISA_USAGE = YES_ERROR;
				CLANG_WARN_EMPTY_BODY = YES;
				CLANG_WARN_ENUM_CONVERSION = YES;
				CLANG_WARN_INT_CONVERSION = YES;
				CLANG_WARN_OBJC_ROOT_CLASS = YES_ERROR;
				CLANG_WARN_UNREACHABLE_CODE = YES;
				CLANG_WARN__DUPLICATE_METHOD_MATCH = YES;
				COPY_PHASE_STRIP = YES;
				DEBUG_INFORMATION_FORMAT = "dwarf-with-dsym";
				ENABLE_NS_ASSERTIONS = NO;
				ENABLE_STRICT_OBJC_MSGSEND = YES;
				GCC_C_LANGUAGE_STANDARD = gnu99;
				GCC_WARN_64_TO_32_BIT_CONVERSION = YES;
				GCC_WARN_ABOUT_RETURN_TYPE = YES_ERROR;
				GCC_WARN_UNDECLARED_SELECTOR = YES;
				GCC_WARN_UNINITIALIZED_AUTOS = YES_AGGRESSIVE;
				GCC_WARN_UNUSED_FUNCTION = YES;
				GCC_WARN_UNUSED_VARIABLE = YES;
				MACOSX_DEPLOYMENT_TARGET = 10.10;
				MTL_ENABLE_DEBUG_INFO = NO;
				SDKROOT = macosx;
			};
			name = Release;
		};
		53176E1C1A5B4B6C00E3F562 /* Debug */ = {
			isa = XCBuildConfiguration;
			buildSettings = {
				PRODUCT_NAME = MissingRange;
			};
			name = Debug;
		};
		53176E1D1A5B4B6C00E3F562 /* Release */ = {
			isa = XCBuildConfiguration;
			buildSettings = {
				PRODUCT_NAME = MissingRange;
			};
			name = Release;
		};
/* End XCBuildConfiguration section */

/* Begin XCConfigurationList section */
		53176E0F1A5B4B6C00E3F562 /* Build configuration list for PBXProject "MissingRange" */ = {
			isa = XCConfigurationList;
			buildConfigurations = (
				53176E191A5B4B6C00E3F562 /* Debug */,
				53176E1A1A5B4B6C00E3F562 /* Release */,
			);
			defaultConfigurationIsVisible = 0;
			defaultConfigurationName = Release;
		};
		53176E1B1A5B4B6C00E3F562 /* Build configuration list for PBXNativeTarget "MissingRange" */ = {
			isa = XCConfigurationList;
			buildConfigurations = (
				53176E1C1A5B4B6C00E3F562 /* Debug */,
				53176E1D1A5B4B6C00E3F562 /* Release */,
			);
			defaultConfigurationIsVisible = 0;
			defaultConfigurationName = Release;
		};
/* End XCConfigurationList section */
	};
	rootObject = 53176E0C1A5B4B6C00E3F562 /* Project object */;
}
